// !$*UTF8*$!
{
	archiveVersion = 1;
	classes = {
	};
	objectVersion = 46;
	objects = {

/* Begin PBXBuildFile section */
		B452BDBD1B07386C00F752FA /* AppDelegate.swift in Sources */ = {isa = PBXBuildFile; fileRef = B452BDBC1B07386C00F752FA /* AppDelegate.swift */; };
		B452BDBF1B07386C00F752FA /* ViewController.swift in Sources */ = {isa = PBXBuildFile; fileRef = B452BDBE1B07386C00F752FA /* ViewController.swift */; };
		B452BDC21B07386C00F752FA /* Main.storyboard in Resources */ = {isa = PBXBuildFile; fileRef = B452BDC01B07386C00F752FA /* Main.storyboard */; };
		B452BDC41B07386C00F752FA /* Images.xcassets in Resources */ = {isa = PBXBuildFile; fileRef = B452BDC31B07386C00F752FA /* Images.xcassets */; };
		B452BDC71B07386C00F752FA /* LaunchScreen.xib in Resources */ = {isa = PBXBuildFile; fileRef = B452BDC51B07386C00F752FA /* LaunchScreen.xib */; };
		B452BDD31B07386C00F752FA /* AlertViewControllerTests.swift in Sources */ = {isa = PBXBuildFile; fileRef = B452BDD21B07386C00F752FA /* AlertViewControllerTests.swift */; };
/* End PBXBuildFile section */

/* Begin PBXContainerItemProxy section */
		B452BDCD1B07386C00F752FA /* PBXContainerItemProxy */ = {
			isa = PBXContainerItemProxy;
			containerPortal = B452BDAF1B07386B00F752FA /* Project object */;
			proxyType = 1;
			remoteGlobalIDString = B452BDB61B07386B00F752FA;
			remoteInfo = AlertViewController;
		};
/* End PBXContainerItemProxy section */

/* Begin PBXFileReference section */
		B452BDB71B07386B00F752FA /* AlertViewController.app */ = {isa = PBXFileReference; explicitFileType = wrapper.application; includeInIndex = 0; path = AlertViewController.app; sourceTree = BUILT_PRODUCTS_DIR; };
		B452BDBB1B07386B00F752FA /* Info.plist */ = {isa = PBXFileReference; lastKnownFileType = text.plist.xml; path = Info.plist; sourceTree = "<group>"; };
		B452BDBC1B07386C00F752FA /* AppDelegate.swift */ = {isa = PBXFileReference; lastKnownFileType = sourcecode.swift; path = AppDelegate.swift; sourceTree = "<group>"; };
		B452BDBE1B07386C00F752FA /* ViewController.swift */ = {isa = PBXFileReference; lastKnownFileType = sourcecode.swift; path = ViewController.swift; sourceTree = "<group>"; };
		B452BDC11B07386C00F752FA /* Base */ = {isa = PBXFileReference; lastKnownFileType = file.storyboard; name = Base; path = Base.lproj/Main.storyboard; sourceTree = "<group>"; };
		B452BDC31B07386C00F752FA /* Images.xcassets */ = {isa = PBXFileReference; lastKnownFileType = folder.assetcatalog; path = Images.xcassets; sourceTree = "<group>"; };
		B452BDC61B07386C00F752FA /* Base */ = {isa = PBXFileReference; lastKnownFileType = file.xib; name = Base; path = Base.lproj/LaunchScreen.xib; sourceTree = "<group>"; };
		B452BDCC1B07386C00F752FA /* AlertViewControllerTests.xctest */ = {isa = PBXFileReference; explicitFileType = wrapper.cfbundle; includeInIndex = 0; path = AlertViewControllerTests.xctest; sourceTree = BUILT_PRODUCTS_DIR; };
		B452BDD11B07386C00F752FA /* Info.plist */ = {isa = PBXFileReference; lastKnownFileType = text.plist.xml; path = Info.plist; sourceTree = "<group>"; };
		B452BDD21B07386C00F752FA /* AlertViewControllerTests.swift */ = {isa = PBXFileReference; lastKnownFileType = sourcecode.swift; path = AlertViewControllerTests.swift; sourceTree = "<group>"; };
/* End PBXFileReference section */

/* Begin PBXFrameworksBuildPhase section */
		B452BDB41B07386B00F752FA /* Frameworks */ = {
			isa = PBXFrameworksBuildPhase;
			buildActionMask = 2147483647;
			files = (
			);
			runOnlyForDeploymentPostprocessing = 0;
		};
		B452BDC91B07386C00F752FA /* Frameworks */ = {
			isa = PBXFrameworksBuildPhase;
			buildActionMask = 2147483647;
			files = (
			);
			runOnlyForDeploymentPostprocessing = 0;
		};
/* End PBXFrameworksBuildPhase section */

/* Begin PBXGroup section */
		B452BDAE1B07386B00F752FA = {
			isa = PBXGroup;
			children = (
				B452BDB91B07386B00F752FA /* AlertViewController */,
				B452BDCF1B07386C00F752FA /* AlertViewControllerTests */,
				B452BDB81B07386B00F752FA /* Products */,
			);
			sourceTree = "<group>";
		};
		B452BDB81B07386B00F752FA /* Products */ = {
			isa = PBXGroup;
			children = (
				B452BDB71B07386B00F752FA /* AlertViewController.app */,
				B452BDCC1B07386C00F752FA /* AlertViewControllerTests.xctest */,
			);
			name = Products;
			sourceTree = "<group>";
		};
		B452BDB91B07386B00F752FA /* AlertViewController */ = {
			isa = PBXGroup;
			children = (
				B452BDBC1B07386C00F752FA /* AppDelegate.swift */,
				B452BDBE1B07386C00F752FA /* ViewController.swift */,
				B452BDC01B07386C00F752FA /* Main.storyboard */,
				B452BDC31B07386C00F752FA /* Images.xcassets */,
				B452BDC51B07386C00F752FA /* LaunchScreen.xib */,
				B452BDBA1B07386B00F752FA /* Supporting Files */,
			);
			path = AlertViewController;
			sourceTree = "<group>";
		};
		B452BDBA1B07386B00F752FA /* Supporting Files */ = {
			isa = PBXGroup;
			children = (
				B452BDBB1B07386B00F752FA /* Info.plist */,
			);
			name = "Supporting Files";
			sourceTree = "<group>";
		};
		B452BDCF1B07386C00F752FA /* AlertViewControllerTests */ = {
			isa = PBXGroup;
			children = (
				B452BDD21B07386C00F752FA /* AlertViewControllerTests.swift */,
				B452BDD01B07386C00F752FA /* Supporting Files */,
			);
			path = AlertViewControllerTests;
			sourceTree = "<group>";
		};
		B452BDD01B07386C00F752FA /* Supporting Files */ = {
			isa = PBXGroup;
			children = (
				B452BDD11B07386C00F752FA /* Info.plist */,
			);
			name = "Supporting Files";
			sourceTree = "<group>";
		};
/* End PBXGroup section */

/* Begin PBXNativeTarget section */
		B452BDB61B07386B00F752FA /* AlertViewController */ = {
			isa = PBXNativeTarget;
			buildConfigurationList = B452BDD61B07386C00F752FA /* Build configuration list for PBXNativeTarget "AlertViewController" */;
			buildPhases = (
				B452BDB31B07386B00F752FA /* Sources */,
				B452BDB41B07386B00F752FA /* Frameworks */,
				B452BDB51B07386B00F752FA /* Resources */,
			);
			buildRules = (
			);
			dependencies = (
			);
			name = AlertViewController;
			productName = AlertViewController;
			productReference = B452BDB71B07386B00F752FA /* AlertViewController.app */;
			productType = "com.apple.product-type.application";
		};
		B452BDCB1B07386C00F752FA /* AlertViewControllerTests */ = {
			isa = PBXNativeTarget;
			buildConfigurationList = B452BDD91B07386C00F752FA /* Build configuration list for PBXNativeTarget "AlertViewControllerTests" */;
			buildPhases = (
				B452BDC81B07386C00F752FA /* Sources */,
				B452BDC91B07386C00F752FA /* Frameworks */,
				B452BDCA1B07386C00F752FA /* Resources */,
			);
			buildRules = (
			);
			dependencies = (
				B452BDCE1B07386C00F752FA /* PBXTargetDependency */,
			);
			name = AlertViewControllerTests;
			productName = AlertViewControllerTests;
			productReference = B452BDCC1B07386C00F752FA /* AlertViewControllerTests.xctest */;
			productType = "com.apple.product-type.bundle.unit-test";
		};
/* End PBXNativeTarget section */

/* Begin PBXProject section */
		B452BDAF1B07386B00F752FA /* Project object */ = {
			isa = PBXProject;
			attributes = {
				LastUpgradeCheck = 0630;
				ORGANIZATIONNAME = "Lance Hirsch";
				TargetAttributes = {
					B452BDB61B07386B00F752FA = {
						CreatedOnToolsVersion = 6.3.1;
					};
					B452BDCB1B07386C00F752FA = {
						CreatedOnToolsVersion = 6.3.1;
						TestTargetID = B452BDB61B07386B00F752FA;
					};
				};
			};
			buildConfigurationList = B452BDB21B07386B00F752FA /* Build configuration list for PBXProject "AlertViewController" */;
			compatibilityVersion = "Xcode 3.2";
			developmentRegion = English;
			hasScannedForEncodings = 0;
			knownRegions = (
				en,
				Base,
			);
			mainGroup = B452BDAE1B07386B00F752FA;
			productRefGroup = B452BDB81B07386B00F752FA /* Products */;
			projectDirPath = "";
			projectRoot = "";
			targets = (
				B452BDB61B07386B00F752FA /* AlertViewController */,
				B452BDCB1B07386C00F752FA /* AlertViewControllerTests */,
			);
		};
/* End PBXProject section */

/* Begin PBXResourcesBuildPhase section */
		B452BDB51B07386B00F752FA /* Resources */ = {
			isa = PBXResourcesBuildPhase;
			buildActionMask = 2147483647;
			files = (
				B452BDC21B07386C00F752FA /* Main.storyboard in Resources */,
				B452BDC71B07386C00F752FA /* LaunchScreen.xib in Resources */,
				B452BDC41B07386C00F752FA /* Images.xcassets in Resources */,
			);
			runOnlyForDeploymentPostprocessing = 0;
		};
		B452BDCA1B07386C00F752FA /* Resources */ = {
			isa = PBXResourcesBuildPhase;
			buildActionMask = 2147483647;
			files = (
			);
			runOnlyForDeploymentPostprocessing = 0;
		};
/* End PBXResourcesBuildPhase section */

/* Begin PBXSourcesBuildPhase section */
		B452BDB31B07386B00F752FA /* Sources */ = {
			isa = PBXSourcesBuildPhase;
			buildActionMask = 2147483647;
			files = (
				B452BDBF1B07386C00F752FA /* ViewController.swift in Sources */,
				B452BDBD1B07386C00F752FA /* AppDelegate.swift in Sources */,
			);
			runOnlyForDeploymentPostprocessing = 0;
		};
		B452BDC81B07386C00F752FA /* Sources */ = {
			isa = PBXSourcesBuildPhase;
			buildActionMask = 2147483647;
			files = (
				B452BDD31B07386C00F752FA /* AlertViewControllerTests.swift in Sources */,
			);
			runOnlyForDeploymentPostprocessing = 0;
		};
/* End PBXSourcesBuildPhase section */

/* Begin PBXTargetDependency section */
		B452BDCE1B07386C00F752FA /* PBXTargetDependency */ = {
			isa = PBXTargetDependency;
			target = B452BDB61B07386B00F752FA /* AlertViewController */;
			targetProxy = B452BDCD1B07386C00F752FA /* PBXContainerItemProxy */;
		};
/* End PBXTargetDependency section */

/* Begin PBXVariantGroup section */
		B452BDC01B07386C00F752FA /* Main.storyboard */ = {
			isa = PBXVariantGroup;
			children = (
				B452BDC11B07386C00F752FA /* Base */,
			);
			name = Main.storyboard;
			sourceTree = "<group>";
		};
		B452BDC51B07386C00F752FA /* LaunchScreen.xib */ = {
			isa = PBXVariantGroup;
			children = (
				B452BDC61B07386C00F752FA /* Base */,
			);
			name = LaunchScreen.xib;
			sourceTree = "<group>";
		};
/* End PBXVariantGroup section */

/* Begin XCBuildConfiguration section */
		B452BDD41B07386C00F752FA /* Debug */ = {
			isa = XCBuildConfiguration;
			buildSettings = {
				ALWAYS_SEARCH_USER_PATHS = NO;
				CLANG_CXX_LANGUAGE_STANDARD = "gnu++0x";
				CLANG_CXX_LIBRARY = "libc++";
				CLANG_ENABLE_MODULES = YES;
				CLANG_ENABLE_OBJC_ARC = YES;
				CLANG_WARN_BOOL_CONVERSION = YES;
				CLANG_WARN_CONSTANT_CONVERSION = YES;
				CLANG_WARN_DIRECT_OBJC_ISA_USAGE = YES_ERROR;
				CLANG_WARN_EMPTY_BODY = YES;
				CLANG_WARN_ENUM_CONVERSION = YES;
				CLANG_WARN_INT_CONVERSION = YES;
				CLANG_WARN_OBJC_ROOT_CLASS = YES_ERROR;
				CLANG_WARN_UNREACHABLE_CODE = YES;
				CLANG_WARN__DUPLICATE_METHOD_MATCH = YES;
				"CODE_SIGN_IDENTITY[sdk=iphoneos*]" = "iPhone Developer";
				COPY_PHASE_STRIP = NO;
				DEBUG_INFORMATION_FORMAT = "dwarf-with-dsym";
				ENABLE_STRICT_OBJC_MSGSEND = YES;
				GCC_C_LANGUAGE_STANDARD = gnu99;
				GCC_DYNAMIC_NO_PIC = NO;
				GCC_NO_COMMON_BLOCKS = YES;
				GCC_OPTIMIZATION_LEVEL = 0;
				GCC_PREPROCESSOR_DEFINITIONS = (
					"DEBUG=1",
					"$(inherited)",
				);
				GCC_SYMBOLS_PRIVATE_EXTERN = NO;
				GCC_WARN_64_TO_32_BIT_CONVERSION = YES;
				GCC_WARN_ABOUT_RETURN_TYPE = YES_ERROR;
				GCC_WARN_UNDECLARED_SELECTOR = YES;
				GCC_WARN_UNINITIALIZED_AUTOS = YES_AGGRESSIVE;
				GCC_WARN_UNUSED_FUNCTION = YES;
				GCC_WARN_UNUSED_VARIABLE = YES;
				IPHONEOS_DEPLOYMENT_TARGET = 8.3;
				MTL_ENABLE_DEBUG_INFO = YES;
				ONLY_ACTIVE_ARCH = YES;
				SDKROOT = iphoneos;
				SWIFT_OPTIMIZATION_LEVEL = "-Onone";
			};
			name = Debug;
		};
		B452BDD51B07386C00F752FA /* Release */ = {
			isa = XCBuildConfiguration;
			buildSettings = {
				ALWAYS_SEARCH_USER_PATHS = NO;
				CLANG_CXX_LANGUAGE_STANDARD = "gnu++0x";
				CLANG_CXX_LIBRARY = "libc++";
				CLANG_ENABLE_MODULES = YES;
				CLANG_ENABLE_OBJC_ARC = YES;
				CLANG_WARN_BOOL_CONVERSION = YES;
				CLANG_WARN_CONSTANT_CONVERSION = YES;
				CLANG_WARN_DIRECT_OBJC_ISA_USAGE = YES_ERROR;
				CLANG_WARN_EMPTY_BODY = YES;
				CLANG_WARN_ENUM_CONVERSION = YES;
				CLANG_WARN_INT_CONVERSION = YES;
				CLANG_WARN_OBJC_ROOT_CLASS = YES_ERROR;
				CLANG_WARN_UNREACHABLE_CODE = YES;
				CLANG_WARN__DUPLICATE_METHOD_MATCH = YES;
				"CODE_SIGN_IDENTITY[sdk=iphoneos*]" = "iPhone Developer";
				COPY_PHASE_STRIP = NO;
				DEBUG_INFORMATION_FORMAT = "dwarf-with-dsym";
				ENABLE_NS_ASSERTIONS = NO;
				ENABLE_STRICT_OBJC_MSGSEND = YES;
				GCC_C_LANGUAGE_STANDARD = gnu99;
				GCC_NO_COMMON_BLOCKS = YES;
				GCC_WARN_64_TO_32_BIT_CONVERSION = YES;
				GCC_WARN_ABOUT_RETURN_TYPE = YES_ERROR;
				GCC_WARN_UNDECLARED_SELECTOR = YES;
				GCC_WARN_UNINITIALIZED_AUTOS = YES_AGGRESSIVE;
				GCC_WARN_UNUSED_FUNCTION = YES;
				GCC_WARN_UNUSED_VARIABLE = YES;
				IPHONEOS_DEPLOYMENT_TARGET = 8.3;
				MTL_ENABLE_DEBUG_INFO = NO;
				SDKROOT = iphoneos;
				VALIDATE_PRODUCT = YES;
			};
			name = Release;
		};
		B452BDD71B07386C00F752FA /* Debug */ = {
			isa = XCBuildConfiguration;
			buildSettings = {
				ASSETCATALOG_COMPILER_APPICON_NAME = AppIcon;
				INFOPLIST_FILE = AlertViewController/Info.plist;
				LD_RUNPATH_SEARCH_PATHS = "$(inherited) @executable_path/Frameworks";
				PRODUCT_NAME = "$(TARGET_NAME)";
			};
			name = Debug;
		};
		B452BDD81B07386C00F752FA /* Release */ = {
			isa = XCBuildConfiguration;
			buildSettings = {
				ASSETCATALOG_COMPILER_APPICON_NAME = AppIcon;
				INFOPLIST_FILE = AlertViewController/Info.plist;
				LD_RUNPATH_SEARCH_PATHS = "$(inherited) @executable_path/Frameworks";
				PRODUCT_NAME = "$(TARGET_NAME)";
			};
			name = Release;
		};
		B452BDDA1B07386C00F752FA /* Debug */ = {
			isa = XCBuildConfiguration;
			buildSettings = {
				BUNDLE_LOADER = "$(TEST_HOST)";
				FRAMEWORK_SEARCH_PATHS = (
					"$(SDKROOT)/Developer/Library/Frameworks",
					"$(inherited)",
				);
				GCC_PREPROCESSOR_DEFINITIONS = (
					"DEBUG=1",
					"$(inherited)",
				);
				INFOPLIST_FILE = AlertViewControllerTests/Info.plist;
				LD_RUNPATH_SEARCH_PATHS = "$(inherited) @executable_path/Frameworks @loader_path/Frameworks";
				PRODUCT_NAME = "$(TARGET_NAME)";
				TEST_HOST = "$(BUILT_PRODUCTS_DIR)/AlertViewController.app/AlertViewController";
			};
			name = Debug;
		};
		B452BDDB1B07386C00F752FA /* Release */ = {
			isa = XCBuildConfiguration;
			buildSettings = {
				BUNDLE_LOADER = "$(TEST_HOST)";
				FRAMEWORK_SEARCH_PATHS = (
					"$(SDKROOT)/Developer/Library/Frameworks",
					"$(inherited)",
				);
				INFOPLIST_FILE = AlertViewControllerTests/Info.plist;
				LD_RUNPATH_SEARCH_PATHS = "$(inherited) @executable_path/Frameworks @loader_path/Frameworks";
				PRODUCT_NAME = "$(TARGET_NAME)";
				TEST_HOST = "$(BUILT_PRODUCTS_DIR)/AlertViewController.app/AlertViewController";
			};
			name = Release;
		};
/* End XCBuildConfiguration section */

/* Begin XCConfigurationList section */
		B452BDB21B07386B00F752FA /* Build configuration list for PBXProject "AlertViewController" */ = {
			isa = XCConfigurationList;
			buildConfigurations = (
				B452BDD41B07386C00F752FA /* Debug */,
				B452BDD51B07386C00F752FA /* Release */,
			);
			defaultConfigurationIsVisible = 0;
			defaultConfigurationName = Release;
		};
		B452BDD61B07386C00F752FA /* Build configuration list for PBXNativeTarget "AlertViewController" */ = {
			isa = XCConfigurationList;
			buildConfigurations = (
				B452BDD71B07386C00F752FA /* Debug */,
				B452BDD81B07386C00F752FA /* Release */,
			);
			defaultConfigurationIsVisible = 0;
		};
		B452BDD91B07386C00F752FA /* Build configuration list for PBXNativeTarget "AlertViewControllerTests" */ = {
			isa = XCConfigurationList;
			buildConfigurations = (
				B452BDDA1B07386C00F752FA /* Debug */,
				B452BDDB1B07386C00F752FA /* Release */,
			);
			defaultConfigurationIsVisible = 0;
		};
/* End XCConfigurationList section */
	};
	rootObject = B452BDAF1B07386B00F752FA /* Project object */;
}
